
Microsoft Visual Studio Solution File, Format Version 12.00
# Visual Studio Version 16
VisualStudioVersion = 16.0.31402.337
MinimumVisualStudioVersion = 10.0.40219.1
Project("{8BC9CEB8-8B4A-11D0-8D11-00A0C91BC942}") = "bai194.cpp", "bai194.cpp\bai194.cpp.vcxproj", "{0AE9084A-D29A-4541-A55D-6985808FADA6}"
EndProject
Global
	GlobalSection(SolutionConfigurationPlatforms) = preSolution
		Debug|x64 = Debug|x64
		Debug|x86 = Debug|x86
		Release|x64 = Release|x64
		Release|x86 = Release|x86
	EndGlobalSection
	GlobalSection(ProjectConfigurationPlatforms) = postSolution
		{0AE9084A-D29A-4541-A55D-6985808FADA6}.Debug|x64.ActiveCfg = Debug|x64
		{0AE9084A-D29A-4541-A55D-6985808FADA6}.Debug|x64.Build.0 = Debug|x64
		{0AE9084A-D29A-4541-A55D-6985808FADA6}.Debug|x86.ActiveCfg = Debug|Win32
		{0AE9084A-D29A-4541-A55D-6985808FADA6}.Debug|x86.Build.0 = Debug|Win32
		{0AE9084A-D29A-4541-A55D-6985808FADA6}.Release|x64.ActiveCfg = Release|x64
		{0AE9084A-D29A-4541-A55D-6985808FADA6}.Release|x64.Build.0 = Release|x64
		{0AE9084A-D29A-4541-A55D-6985808FADA6}.Release|x86.ActiveCfg = Release|Win32
		{0AE9084A-D29A-4541-A55D-6985808FADA6}.Release|x86.Build.0 = Release|Win32
	EndGlobalSection
	GlobalSection(SolutionProperties) = preSolution
		HideSolutionNode = FALSE
	EndGlobalSection
	GlobalSection(ExtensibilityGlobals) = postSolution
		SolutionGuid = {46881417-0B3E-4B8F-9ADB-D3929ABE21E8}
	EndGlobalSection
EndGlobal
